// !$*UTF8*$!
{
	archiveVersion = 1;
	classes = {
	};
	objectVersion = 50;
	objects = {

/* Begin PBXBuildFile section */
		494162C3208E6D7F00EA0126 /* AppDelegate.swift in Sources */ = {isa = PBXBuildFile; fileRef = 494162C2208E6D7F00EA0126 /* AppDelegate.swift */; };
		494162C5208E6D7F00EA0126 /* BlueViewController.swift in Sources */ = {isa = PBXBuildFile; fileRef = 494162C4208E6D7F00EA0126 /* BlueViewController.swift */; };
		494162C8208E6D7F00EA0126 /* Main.storyboard in Resources */ = {isa = PBXBuildFile; fileRef = 494162C6208E6D7F00EA0126 /* Main.storyboard */; };
		494162CA208E6D8000EA0126 /* Assets.xcassets in Resources */ = {isa = PBXBuildFile; fileRef = 494162C9208E6D8000EA0126 /* Assets.xcassets */; };
		494162CD208E6D8000EA0126 /* LaunchScreen.storyboard in Resources */ = {isa = PBXBuildFile; fileRef = 494162CB208E6D8000EA0126 /* LaunchScreen.storyboard */; };
		494162D8208E6D8100EA0126 /* DismissAndSegueTests.swift in Sources */ = {isa = PBXBuildFile; fileRef = 494162D7208E6D8100EA0126 /* DismissAndSegueTests.swift */; };
		494162E3208E6D8100EA0126 /* DismissAndSegueUITests.swift in Sources */ = {isa = PBXBuildFile; fileRef = 494162E2208E6D8100EA0126 /* DismissAndSegueUITests.swift */; };
		494162F1208E6E7700EA0126 /* WhiteViewController.swift in Sources */ = {isa = PBXBuildFile; fileRef = 494162F0208E6E7700EA0126 /* WhiteViewController.swift */; };
/* End PBXBuildFile section */

/* Begin PBXContainerItemProxy section */
		494162D4208E6D8100EA0126 /* PBXContainerItemProxy */ = {
			isa = PBXContainerItemProxy;
			containerPortal = 494162B7208E6D7F00EA0126 /* Project object */;
			proxyType = 1;
			remoteGlobalIDString = 494162BE208E6D7F00EA0126;
			remoteInfo = DismissAndSegue;
		};
		494162DF208E6D8100EA0126 /* PBXContainerItemProxy */ = {
			isa = PBXContainerItemProxy;
			containerPortal = 494162B7208E6D7F00EA0126 /* Project object */;
			proxyType = 1;
			remoteGlobalIDString = 494162BE208E6D7F00EA0126;
			remoteInfo = DismissAndSegue;
		};
/* End PBXContainerItemProxy section */

/* Begin PBXFileReference section */
		494162BF208E6D7F00EA0126 /* DismissAndSegue.app */ = {isa = PBXFileReference; explicitFileType = wrapper.application; includeInIndex = 0; path = DismissAndSegue.app; sourceTree = BUILT_PRODUCTS_DIR; };
		494162C2208E6D7F00EA0126 /* AppDelegate.swift */ = {isa = PBXFileReference; lastKnownFileType = sourcecode.swift; path = AppDelegate.swift; sourceTree = "<group>"; };
		494162C4208E6D7F00EA0126 /* BlueViewController.swift */ = {isa = PBXFileReference; lastKnownFileType = sourcecode.swift; path = BlueViewController.swift; sourceTree = "<group>"; };
		494162C7208E6D7F00EA0126 /* Base */ = {isa = PBXFileReference; lastKnownFileType = file.storyboard; name = Base; path = Base.lproj/Main.storyboard; sourceTree = "<group>"; };
		494162C9208E6D8000EA0126 /* Assets.xcassets */ = {isa = PBXFileReference; lastKnownFileType = folder.assetcatalog; path = Assets.xcassets; sourceTree = "<group>"; };
		494162CC208E6D8000EA0126 /* Base */ = {isa = PBXFileReference; lastKnownFileType = file.storyboard; name = Base; path = Base.lproj/LaunchScreen.storyboard; sourceTree = "<group>"; };
		494162CE208E6D8000EA0126 /* Info.plist */ = {isa = PBXFileReference; lastKnownFileType = text.plist.xml; path = Info.plist; sourceTree = "<group>"; };
		494162D3208E6D8100EA0126 /* DismissAndSegueTests.xctest */ = {isa = PBXFileReference; explicitFileType = wrapper.cfbundle; includeInIndex = 0; path = DismissAndSegueTests.xctest; sourceTree = BUILT_PRODUCTS_DIR; };
		494162D7208E6D8100EA0126 /* DismissAndSegueTests.swift */ = {isa = PBXFileReference; lastKnownFileType = sourcecode.swift; path = DismissAndSegueTests.swift; sourceTree = "<group>"; };
		494162D9208E6D8100EA0126 /* Info.plist */ = {isa = PBXFileReference; lastKnownFileType = text.plist.xml; path = Info.plist; sourceTree = "<group>"; };
		494162DE208E6D8100EA0126 /* DismissAndSegueUITests.xctest */ = {isa = PBXFileReference; explicitFileType = wrapper.cfbundle; includeInIndex = 0; path = DismissAndSegueUITests.xctest; sourceTree = BUILT_PRODUCTS_DIR; };
		494162E2208E6D8100EA0126 /* DismissAndSegueUITests.swift */ = {isa = PBXFileReference; lastKnownFileType = sourcecode.swift; path = DismissAndSegueUITests.swift; sourceTree = "<group>"; };
		494162E4208E6D8100EA0126 /* Info.plist */ = {isa = PBXFileReference; lastKnownFileType = text.plist.xml; path = Info.plist; sourceTree = "<group>"; };
		494162F0208E6E7700EA0126 /* WhiteViewController.swift */ = {isa = PBXFileReference; lastKnownFileType = sourcecode.swift; path = WhiteViewController.swift; sourceTree = "<group>"; };
/* End PBXFileReference section */

/* Begin PBXFrameworksBuildPhase section */
		494162BC208E6D7F00EA0126 /* Frameworks */ = {
			isa = PBXFrameworksBuildPhase;
			buildActionMask = 2147483647;
			files = (
			);
			runOnlyForDeploymentPostprocessing = 0;
		};
		494162D0208E6D8100EA0126 /* Frameworks */ = {
			isa = PBXFrameworksBuildPhase;
			buildActionMask = 2147483647;
			files = (
			);
			runOnlyForDeploymentPostprocessing = 0;
		};
		494162DB208E6D8100EA0126 /* Frameworks */ = {
			isa = PBXFrameworksBuildPhase;
			buildActionMask = 2147483647;
			files = (
			);
			runOnlyForDeploymentPostprocessing = 0;
		};
/* End PBXFrameworksBuildPhase section */

/* Begin PBXGroup section */
		494162B6208E6D7F00EA0126 = {
			isa = PBXGroup;
			children = (
				494162C1208E6D7F00EA0126 /* DismissAndSegue */,
				494162D6208E6D8100EA0126 /* DismissAndSegueTests */,
				494162E1208E6D8100EA0126 /* DismissAndSegueUITests */,
				494162C0208E6D7F00EA0126 /* Products */,
			);
			sourceTree = "<group>";
		};
		494162C0208E6D7F00EA0126 /* Products */ = {
			isa = PBXGroup;
			children = (
				494162BF208E6D7F00EA0126 /* DismissAndSegue.app */,
				494162D3208E6D8100EA0126 /* DismissAndSegueTests.xctest */,
				494162DE208E6D8100EA0126 /* DismissAndSegueUITests.xctest */,
			);
			name = Products;
			sourceTree = "<group>";
		};
		494162C1208E6D7F00EA0126 /* DismissAndSegue */ = {
			isa = PBXGroup;
			children = (
				494162C2208E6D7F00EA0126 /* AppDelegate.swift */,
				494162C4208E6D7F00EA0126 /* BlueViewController.swift */,
				494162F0208E6E7700EA0126 /* WhiteViewController.swift */,
				494162C6208E6D7F00EA0126 /* Main.storyboard */,
				494162C9208E6D8000EA0126 /* Assets.xcassets */,
				494162CB208E6D8000EA0126 /* LaunchScreen.storyboard */,
				494162CE208E6D8000EA0126 /* Info.plist */,
			);
			path = DismissAndSegue;
			sourceTree = "<group>";
		};
		494162D6208E6D8100EA0126 /* DismissAndSegueTests */ = {
			isa = PBXGroup;
			children = (
				494162D7208E6D8100EA0126 /* DismissAndSegueTests.swift */,
				494162D9208E6D8100EA0126 /* Info.plist */,
			);
			path = DismissAndSegueTests;
			sourceTree = "<group>";
		};
		494162E1208E6D8100EA0126 /* DismissAndSegueUITests */ = {
			isa = PBXGroup;
			children = (
				494162E2208E6D8100EA0126 /* DismissAndSegueUITests.swift */,
				494162E4208E6D8100EA0126 /* Info.plist */,
			);
			path = DismissAndSegueUITests;
			sourceTree = "<group>";
		};
/* End PBXGroup section */

/* Begin PBXNativeTarget section */
		494162BE208E6D7F00EA0126 /* DismissAndSegue */ = {
			isa = PBXNativeTarget;
			buildConfigurationList = 494162E7208E6D8100EA0126 /* Build configuration list for PBXNativeTarget "DismissAndSegue" */;
			buildPhases = (
				494162BB208E6D7F00EA0126 /* Sources */,
				494162BC208E6D7F00EA0126 /* Frameworks */,
				494162BD208E6D7F00EA0126 /* Resources */,
			);
			buildRules = (
			);
			dependencies = (
			);
			name = DismissAndSegue;
			productName = DismissAndSegue;
			productReference = 494162BF208E6D7F00EA0126 /* DismissAndSegue.app */;
			productType = "com.apple.product-type.application";
		};
		494162D2208E6D8100EA0126 /* DismissAndSegueTests */ = {
			isa = PBXNativeTarget;
			buildConfigurationList = 494162EA208E6D8100EA0126 /* Build configuration list for PBXNativeTarget "DismissAndSegueTests" */;
			buildPhases = (
				494162CF208E6D8100EA0126 /* Sources */,
				494162D0208E6D8100EA0126 /* Frameworks */,
				494162D1208E6D8100EA0126 /* Resources */,
			);
			buildRules = (
			);
			dependencies = (
				494162D5208E6D8100EA0126 /* PBXTargetDependency */,
			);
			name = DismissAndSegueTests;
			productName = DismissAndSegueTests;
			productReference = 494162D3208E6D8100EA0126 /* DismissAndSegueTests.xctest */;
			productType = "com.apple.product-type.bundle.unit-test";
		};
		494162DD208E6D8100EA0126 /* DismissAndSegueUITests */ = {
			isa = PBXNativeTarget;
			buildConfigurationList = 494162ED208E6D8100EA0126 /* Build configuration list for PBXNativeTarget "DismissAndSegueUITests" */;
			buildPhases = (
				494162DA208E6D8100EA0126 /* Sources */,
				494162DB208E6D8100EA0126 /* Frameworks */,
				494162DC208E6D8100EA0126 /* Resources */,
			);
			buildRules = (
			);
			dependencies = (
				494162E0208E6D8100EA0126 /* PBXTargetDependency */,
			);
			name = DismissAndSegueUITests;
			productName = DismissAndSegueUITests;
			productReference = 494162DE208E6D8100EA0126 /* DismissAndSegueUITests.xctest */;
			productType = "com.apple.product-type.bundle.ui-testing";
		};
/* End PBXNativeTarget section */

/* Begin PBXProject section */
		494162B7208E6D7F00EA0126 /* Project object */ = {
			isa = PBXProject;
			attributes = {
				LastSwiftUpdateCheck = 0930;
				LastUpgradeCheck = 0930;
				ORGANIZATIONNAME = andrew;
				TargetAttributes = {
					494162BE208E6D7F00EA0126 = {
						CreatedOnToolsVersion = 9.3;
					};
					494162D2208E6D8100EA0126 = {
						CreatedOnToolsVersion = 9.3;
						TestTargetID = 494162BE208E6D7F00EA0126;
					};
					494162DD208E6D8100EA0126 = {
						CreatedOnToolsVersion = 9.3;
						TestTargetID = 494162BE208E6D7F00EA0126;
					};
				};
			};
			buildConfigurationList = 494162BA208E6D7F00EA0126 /* Build configuration list for PBXProject "DismissAndSegue" */;
			compatibilityVersion = "Xcode 9.3";
			developmentRegion = en;
			hasScannedForEncodings = 0;
			knownRegions = (
				en,
				Base,
			);
			mainGroup = 494162B6208E6D7F00EA0126;
			productRefGroup = 494162C0208E6D7F00EA0126 /* Products */;
			projectDirPath = "";
			projectRoot = "";
			targets = (
				494162BE208E6D7F00EA0126 /* DismissAndSegue */,
				494162D2208E6D8100EA0126 /* DismissAndSegueTests */,
				494162DD208E6D8100EA0126 /* DismissAndSegueUITests */,
			);
		};
/* End PBXProject section */

/* Begin PBXResourcesBuildPhase section */
		494162BD208E6D7F00EA0126 /* Resources */ = {
			isa = PBXResourcesBuildPhase;
			buildActionMask = 2147483647;
			files = (
				494162CD208E6D8000EA0126 /* LaunchScreen.storyboard in Resources */,
				494162CA208E6D8000EA0126 /* Assets.xcassets in Resources */,
				494162C8208E6D7F00EA0126 /* Main.storyboard in Resources */,
			);
			runOnlyForDeploymentPostprocessing = 0;
		};
		494162D1208E6D8100EA0126 /* Resources */ = {
			isa = PBXResourcesBuildPhase;
			buildActionMask = 2147483647;
			files = (
			);
			runOnlyForDeploymentPostprocessing = 0;
		};
		494162DC208E6D8100EA0126 /* Resources */ = {
			isa = PBXResourcesBuildPhase;
			buildActionMask = 2147483647;
			files = (
			);
			runOnlyForDeploymentPostprocessing = 0;
		};
/* End PBXResourcesBuildPhase section */

/* Begin PBXSourcesBuildPhase section */
		494162BB208E6D7F00EA0126 /* Sources */ = {
			isa = PBXSourcesBuildPhase;
			buildActionMask = 2147483647;
			files = (
				494162C5208E6D7F00EA0126 /* BlueViewController.swift in Sources */,
				494162F1208E6E7700EA0126 /* WhiteViewController.swift in Sources */,
				494162C3208E6D7F00EA0126 /* AppDelegate.swift in Sources */,
			);
			runOnlyForDeploymentPostprocessing = 0;
		};
		494162CF208E6D8100EA0126 /* Sources */ = {
			isa = PBXSourcesBuildPhase;
			buildActionMask = 2147483647;
			files = (
				494162D8208E6D8100EA0126 /* DismissAndSegueTests.swift in Sources */,
			);
			runOnlyForDeploymentPostprocessing = 0;
		};
		494162DA208E6D8100EA0126 /* Sources */ = {
			isa = PBXSourcesBuildPhase;
			buildActionMask = 2147483647;
			files = (
				494162E3208E6D8100EA0126 /* DismissAndSegueUITests.swift in Sources */,
			);
			runOnlyForDeploymentPostprocessing = 0;
		};
/* End PBXSourcesBuildPhase section */

/* Begin PBXTargetDependency section */
		494162D5208E6D8100EA0126 /* PBXTargetDependency */ = {
			isa = PBXTargetDependency;
			target = 494162BE208E6D7F00EA0126 /* DismissAndSegue */;
			targetProxy = 494162D4208E6D8100EA0126 /* PBXContainerItemProxy */;
		};
		494162E0208E6D8100EA0126 /* PBXTargetDependency */ = {
			isa = PBXTargetDependency;
			target = 494162BE208E6D7F00EA0126 /* DismissAndSegue */;
			targetProxy = 494162DF208E6D8100EA0126 /* PBXContainerItemProxy */;
		};
/* End PBXTargetDependency section */

/* Begin PBXVariantGroup section */
		494162C6208E6D7F00EA0126 /* Main.storyboard */ = {
			isa = PBXVariantGroup;
			children = (
				494162C7208E6D7F00EA0126 /* Base */,
			);
			name = Main.storyboard;
			sourceTree = "<group>";
		};
		494162CB208E6D8000EA0126 /* LaunchScreen.storyboard */ = {
			isa = PBXVariantGroup;
			children = (
				494162CC208E6D8000EA0126 /* Base */,
			);
			name = LaunchScreen.storyboard;
			sourceTree = "<group>";
		};
/* End PBXVariantGroup section */

/* Begin XCBuildConfiguration section */
		494162E5208E6D8100EA0126 /* Debug */ = {
			isa = XCBuildConfiguration;
			buildSettings = {
				ALWAYS_SEARCH_USER_PATHS = NO;
				CLANG_ANALYZER_NONNULL = YES;
				CLANG_ANALYZER_NUMBER_OBJECT_CONVERSION = YES_AGGRESSIVE;
				CLANG_CXX_LANGUAGE_STANDARD = "gnu++14";
				CLANG_CXX_LIBRARY = "libc++";
				CLANG_ENABLE_MODULES = YES;
				CLANG_ENABLE_OBJC_ARC = YES;
				CLANG_ENABLE_OBJC_WEAK = YES;
				CLANG_WARN_BLOCK_CAPTURE_AUTORELEASING = YES;
				CLANG_WARN_BOOL_CONVERSION = YES;
				CLANG_WARN_COMMA = YES;
				CLANG_WARN_CONSTANT_CONVERSION = YES;
				CLANG_WARN_DEPRECATED_OBJC_IMPLEMENTATIONS = YES;
				CLANG_WARN_DIRECT_OBJC_ISA_USAGE = YES_ERROR;
				CLANG_WARN_DOCUMENTATION_COMMENTS = YES;
				CLANG_WARN_EMPTY_BODY = YES;
				CLANG_WARN_ENUM_CONVERSION = YES;
				CLANG_WARN_INFINITE_RECURSION = YES;
				CLANG_WARN_INT_CONVERSION = YES;
				CLANG_WARN_NON_LITERAL_NULL_CONVERSION = YES;
				CLANG_WARN_OBJC_IMPLICIT_RETAIN_SELF = YES;
				CLANG_WARN_OBJC_LITERAL_CONVERSION = YES;
				CLANG_WARN_OBJC_ROOT_CLASS = YES_ERROR;
				CLANG_WARN_RANGE_LOOP_ANALYSIS = YES;
				CLANG_WARN_STRICT_PROTOTYPES = YES;
				CLANG_WARN_SUSPICIOUS_MOVE = YES;
				CLANG_WARN_UNGUARDED_AVAILABILITY = YES_AGGRESSIVE;
				CLANG_WARN_UNREACHABLE_CODE = YES;
				CLANG_WARN__DUPLICATE_METHOD_MATCH = YES;
				CODE_SIGN_IDENTITY = "iPhone Developer";
				COPY_PHASE_STRIP = NO;
				DEBUG_INFORMATION_FORMAT = dwarf;
				ENABLE_STRICT_OBJC_MSGSEND = YES;
				ENABLE_TESTABILITY = YES;
				GCC_C_LANGUAGE_STANDARD = gnu11;
				GCC_DYNAMIC_NO_PIC = NO;
				GCC_NO_COMMON_BLOCKS = YES;
				GCC_OPTIMIZATION_LEVEL = 0;
				GCC_PREPROCESSOR_DEFINITIONS = (
					"DEBUG=1",
					"$(inherited)",
				);
				GCC_WARN_64_TO_32_BIT_CONVERSION = YES;
				GCC_WARN_ABOUT_RETURN_TYPE = YES_ERROR;
				GCC_WARN_UNDECLARED_SELECTOR = YES;
				GCC_WARN_UNINITIALIZED_AUTOS = YES_AGGRESSIVE;
				GCC_WARN_UNUSED_FUNCTION = YES;
				GCC_WARN_UNUSED_VARIABLE = YES;
				IPHONEOS_DEPLOYMENT_TARGET = 11.3;
				MTL_ENABLE_DEBUG_INFO = YES;
				ONLY_ACTIVE_ARCH = YES;
				SDKROOT = iphoneos;
				SWIFT_ACTIVE_COMPILATION_CONDITIONS = DEBUG;
				SWIFT_OPTIMIZATION_LEVEL = "-Onone";
			};
			name = Debug;
		};
		494162E6208E6D8100EA0126 /* Release */ = {
			isa = XCBuildConfiguration;
			buildSettings = {
				ALWAYS_SEARCH_USER_PATHS = NO;
				CLANG_ANALYZER_NONNULL = YES;
				CLANG_ANALYZER_NUMBER_OBJECT_CONVERSION = YES_AGGRESSIVE;
				CLANG_CXX_LANGUAGE_STANDARD = "gnu++14";
				CLANG_CXX_LIBRARY = "libc++";
				CLANG_ENABLE_MODULES = YES;
				CLANG_ENABLE_OBJC_ARC = YES;
				CLANG_ENABLE_OBJC_WEAK = YES;
				CLANG_WARN_BLOCK_CAPTURE_AUTORELEASING = YES;
				CLANG_WARN_BOOL_CONVERSION = YES;
				CLANG_WARN_COMMA = YES;
				CLANG_WARN_CONSTANT_CONVERSION = YES;
				CLANG_WARN_DEPRECATED_OBJC_IMPLEMENTATIONS = YES;
				CLANG_WARN_DIRECT_OBJC_ISA_USAGE = YES_ERROR;
				CLANG_WARN_DOCUMENTATION_COMMENTS = YES;
				CLANG_WARN_EMPTY_BODY = YES;
				CLANG_WARN_ENUM_CONVERSION = YES;
				CLANG_WARN_INFINITE_RECURSION = YES;
				CLANG_WARN_INT_CONVERSION = YES;
				CLANG_WARN_NON_LITERAL_NULL_CONVERSION = YES;
				CLANG_WARN_OBJC_IMPLICIT_RETAIN_SELF = YES;
				CLANG_WARN_OBJC_LITERAL_CONVERSION = YES;
				CLANG_WARN_OBJC_ROOT_CLASS = YES_ERROR;
				CLANG_WARN_RANGE_LOOP_ANALYSIS = YES;
				CLANG_WARN_STRICT_PROTOTYPES = YES;
				CLANG_WARN_SUSPICIOUS_MOVE = YES;
				CLANG_WARN_UNGUARDED_AVAILABILITY = YES_AGGRESSIVE;
				CLANG_WARN_UNREACHABLE_CODE = YES;
				CLANG_WARN__DUPLICATE_METHOD_MATCH = YES;
				CODE_SIGN_IDENTITY = "iPhone Developer";
				COPY_PHASE_STRIP = NO;
				DEBUG_INFORMATION_FORMAT = "dwarf-with-dsym";
				ENABLE_NS_ASSERTIONS = NO;
				ENABLE_STRICT_OBJC_MSGSEND = YES;
				GCC_C_LANGUAGE_STANDARD = gnu11;
				GCC_NO_COMMON_BLOCKS = YES;
				GCC_WARN_64_TO_32_BIT_CONVERSION = YES;
				GCC_WARN_ABOUT_RETURN_TYPE = YES_ERROR;
				GCC_WARN_UNDECLARED_SELECTOR = YES;
				GCC_WARN_UNINITIALIZED_AUTOS = YES_AGGRESSIVE;
				GCC_WARN_UNUSED_FUNCTION = YES;
				GCC_WARN_UNUSED_VARIABLE = YES;
				IPHONEOS_DEPLOYMENT_TARGET = 11.3;
				MTL_ENABLE_DEBUG_INFO = NO;
				SDKROOT = iphoneos;
				SWIFT_COMPILATION_MODE = wholemodule;
				SWIFT_OPTIMIZATION_LEVEL = "-O";
				VALIDATE_PRODUCT = YES;
			};
			name = Release;
		};
		494162E8208E6D8100EA0126 /* Debug */ = {
			isa = XCBuildConfiguration;
			buildSettings = {
				ASSETCATALOG_COMPILER_APPICON_NAME = AppIcon;
				CODE_SIGN_STYLE = Automatic;
				DEVELOPMENT_TEAM = HD458VF2NY;
				INFOPLIST_FILE = DismissAndSegue/Info.plist;
				LD_RUNPATH_SEARCH_PATHS = (
					"$(inherited)",
					"@executable_path/Frameworks",
				);
				PRODUCT_BUNDLE_IDENTIFIER = fun.DismissAndSegue;
				PRODUCT_NAME = "$(TARGET_NAME)";
				SWIFT_VERSION = 4.0;
				TARGETED_DEVICE_FAMILY = "1,2";
			};
			name = Debug;
		};
		494162E9208E6D8100EA0126 /* Release */ = {
			isa = XCBuildConfiguration;
			buildSettings = {
				ASSETCATALOG_COMPILER_APPICON_NAME = AppIcon;
				CODE_SIGN_STYLE = Automatic;
				DEVELOPMENT_TEAM = HD458VF2NY;
				INFOPLIST_FILE = DismissAndSegue/Info.plist;
				LD_RUNPATH_SEARCH_PATHS = (
					"$(inherited)",
					"@executable_path/Frameworks",
				);
				PRODUCT_BUNDLE_IDENTIFIER = fun.DismissAndSegue;
				PRODUCT_NAME = "$(TARGET_NAME)";
				SWIFT_VERSION = 4.0;
				TARGETED_DEVICE_FAMILY = "1,2";
			};
			name = Release;
		};
		494162EB208E6D8100EA0126 /* Debug */ = {
			isa = XCBuildConfiguration;
			buildSettings = {
				ALWAYS_EMBED_SWIFT_STANDARD_LIBRARIES = YES;
				BUNDLE_LOADER = "$(TEST_HOST)";
				CODE_SIGN_STYLE = Automatic;
				INFOPLIST_FILE = DismissAndSegueTests/Info.plist;
				LD_RUNPATH_SEARCH_PATHS = (
					"$(inherited)",
					"@executable_path/Frameworks",
					"@loader_path/Frameworks",
				);
				PRODUCT_BUNDLE_IDENTIFIER = fun.DismissAndSegueTests;
				PRODUCT_NAME = "$(TARGET_NAME)";
				SWIFT_VERSION = 4.0;
				TARGETED_DEVICE_FAMILY = "1,2";
				TEST_HOST = "$(BUILT_PRODUCTS_DIR)/DismissAndSegue.app/DismissAndSegue";
			};
			name = Debug;
		};
		494162EC208E6D8100EA0126 /* Release */ = {
			isa = XCBuildConfiguration;
			buildSettings = {
				ALWAYS_EMBED_SWIFT_STANDARD_LIBRARIES = YES;
				BUNDLE_LOADER = "$(TEST_HOST)";
				CODE_SIGN_STYLE = Automatic;
				INFOPLIST_FILE = DismissAndSegueTests/Info.plist;
				LD_RUNPATH_SEARCH_PATHS = (
					"$(inherited)",
					"@executable_path/Frameworks",
					"@loader_path/Frameworks",
				);
				PRODUCT_BUNDLE_IDENTIFIER = fun.DismissAndSegueTests;
				PRODUCT_NAME = "$(TARGET_NAME)";
				SWIFT_VERSION = 4.0;
				TARGETED_DEVICE_FAMILY = "1,2";
				TEST_HOST = "$(BUILT_PRODUCTS_DIR)/DismissAndSegue.app/DismissAndSegue";
			};
			name = Release;
		};
		494162EE208E6D8100EA0126 /* Debug */ = {
			isa = XCBuildConfiguration;
			buildSettings = {
				ALWAYS_EMBED_SWIFT_STANDARD_LIBRARIES = YES;
				CODE_SIGN_STYLE = Automatic;
				INFOPLIST_FILE = DismissAndSegueUITests/Info.plist;
				LD_RUNPATH_SEARCH_PATHS = (
					"$(inherited)",
					"@executable_path/Frameworks",
					"@loader_path/Frameworks",
				);
				PRODUCT_BUNDLE_IDENTIFIER = fun.DismissAndSegueUITests;
				PRODUCT_NAME = "$(TARGET_NAME)";
				SWIFT_VERSION = 4.0;
				TARGETED_DEVICE_FAMILY = "1,2";
				TEST_TARGET_NAME = DismissAndSegue;
			};
			name = Debug;
		};
		494162EF208E6D8100EA0126 /* Release */ = {
			isa = XCBuildConfiguration;
			buildSettings = {
				ALWAYS_EMBED_SWIFT_STANDARD_LIBRARIES = YES;
				CODE_SIGN_STYLE = Automatic;
				INFOPLIST_FILE = DismissAndSegueUITests/Info.plist;
				LD_RUNPATH_SEARCH_PATHS = (
					"$(inherited)",
					"@executable_path/Frameworks",
					"@loader_path/Frameworks",
				);
				PRODUCT_BUNDLE_IDENTIFIER = fun.DismissAndSegueUITests;
				PRODUCT_NAME = "$(TARGET_NAME)";
				SWIFT_VERSION = 4.0;
				TARGETED_DEVICE_FAMILY = "1,2";
				TEST_TARGET_NAME = DismissAndSegue;
			};
			name = Release;
		};
/* End XCBuildConfiguration section */

/* Begin XCConfigurationList section */
		494162BA208E6D7F00EA0126 /* Build configuration list for PBXProject "DismissAndSegue" */ = {
			isa = XCConfigurationList;
			buildConfigurations = (
				494162E5208E6D8100EA0126 /* Debug */,
				494162E6208E6D8100EA0126 /* Release */,
			);
			defaultConfigurationIsVisible = 0;
			defaultConfigurationName = Release;
		};
		494162E7208E6D8100EA0126 /* Build configuration list for PBXNativeTarget "DismissAndSegue" */ = {
			isa = XCConfigurationList;
			buildConfigurations = (
				494162E8208E6D8100EA0126 /* Debug */,
				494162E9208E6D8100EA0126 /* Release */,
			);
			defaultConfigurationIsVisible = 0;
			defaultConfigurationName = Release;
		};
		494162EA208E6D8100EA0126 /* Build configuration list for PBXNativeTarget "DismissAndSegueTests" */ = {
			isa = XCConfigurationList;
			buildConfigurations = (
				494162EB208E6D8100EA0126 /* Debug */,
				494162EC208E6D8100EA0126 /* Release */,
			);
			defaultConfigurationIsVisible = 0;
			defaultConfigurationName = Release;
		};
		494162ED208E6D8100EA0126 /* Build configuration list for PBXNativeTarget "DismissAndSegueUITests" */ = {
			isa = XCConfigurationList;
			buildConfigurations = (
				494162EE208E6D8100EA0126 /* Debug */,
				494162EF208E6D8100EA0126 /* Release */,
			);
			defaultConfigurationIsVisible = 0;
			defaultConfigurationName = Release;
		};
/* End XCConfigurationList section */
	};
	rootObject = 494162B7208E6D7F00EA0126 /* Project object */;
}
